
Microsoft Visual Studio Solution File, Format Version 12.00
# Visual Studio Version 17
VisualStudioVersion = 17.3.32901.215
MinimumVisualStudioVersion = 10.0.40219.1
Project("{8BC9CEB8-8B4A-11D0-8D11-00A0C91BC942}") = "SortingAppCpp", "SortingAppCpp.vcxproj", "{CF8AEEB3-173C-40F2-ACA6-F1EDF3581D69}"
EndProject
Global
	GlobalSection(SolutionConfigurationPlatforms) = preSolution
		Debug|x64 = Debug|x64
		Debug|x86 = Debug|x86
		Release|x64 = Release|x64
		Release|x86 = Release|x86
	EndGlobalSection
	GlobalSection(ProjectConfigurationPlatforms) = postSolution
		{CF8AEEB3-173C-40F2-ACA6-F1EDF3581D69}.Debug|x64.ActiveCfg = Debug|x64
		{CF8AEEB3-173C-40F2-ACA6-F1EDF3581D69}.Debug|x64.Build.0 = Debug|x64
		{CF8AEEB3-173C-40F2-ACA6-F1EDF3581D69}.Debug|x86.ActiveCfg = Debug|Win32
		{CF8AEEB3-173C-40F2-ACA6-F1EDF3581D69}.Debug|x86.Build.0 = Debug|Win32
		{CF8AEEB3-173C-40F2-ACA6-F1EDF3581D69}.Release|x64.ActiveCfg = Release|x64
		{CF8AEEB3-173C-40F2-ACA6-F1EDF3581D69}.Release|x64.Build.0 = Release|x64
		{CF8AEEB3-173C-40F2-ACA6-F1EDF3581D69}.Release|x86.ActiveCfg = Release|Win32
		{CF8AEEB3-173C-40F2-ACA6-F1EDF3581D69}.Release|x86.Build.0 = Release|Win32
	EndGlobalSection
	GlobalSection(SolutionProperties) = preSolution
		HideSolutionNode = FALSE
	EndGlobalSection
	GlobalSection(ExtensibilityGlobals) = postSolution
		SolutionGuid = {06000E6A-37F2-419F-8695-634D5DCAA3A3}
	EndGlobalSection
EndGlobal
